
Microsoft Visual Studio Solution File, Format Version 12.00
# Visual Studio Version 17
VisualStudioVersion = 17.0.31903.59
MinimumVisualStudioVersion = 10.0.40219.1
Project("{FAE04EC0-301F-11D3-BF4B-00C04F79EFBC}") = "ExpressionEvaluator", "ExpressionEvaluator\ExpressionEvaluator.csproj", "{0EB33CF3-9B0F-4EF4-AB08-2F0A01748902}"
EndProject
Project("{FAE04EC0-301F-11D3-BF4B-00C04F79EFBC}") = "ExpressionEvaluator.Tests", "ExpressionEvaluator.Tests\ExpressionEvaluator.Tests.csproj", "{80E7D886-517C-4CD0-A528-BFA2FAEB9231}"
EndProject
Global
	GlobalSection(SolutionConfigurationPlatforms) = preSolution
		Debug|Any CPU = Debug|Any CPU
		Release|Any CPU = Release|Any CPU
	EndGlobalSection
	GlobalSection(SolutionProperties) = preSolution
		HideSolutionNode = FALSE
	EndGlobalSection
	GlobalSection(ProjectConfigurationPlatforms) = postSolution
		{0EB33CF3-9B0F-4EF4-AB08-2F0A01748902}.Debug|Any CPU.ActiveCfg = Debug|Any CPU
		{0EB33CF3-9B0F-4EF4-AB08-2F0A01748902}.Debug|Any CPU.Build.0 = Debug|Any CPU
		{0EB33CF3-9B0F-4EF4-AB08-2F0A01748902}.Release|Any CPU.ActiveCfg = Release|Any CPU
		{0EB33CF3-9B0F-4EF4-AB08-2F0A01748902}.Release|Any CPU.Build.0 = Release|Any CPU
		{80E7D886-517C-4CD0-A528-BFA2FAEB9231}.Debug|Any CPU.ActiveCfg = Debug|Any CPU
		{80E7D886-517C-4CD0-A528-BFA2FAEB9231}.Debug|Any CPU.Build.0 = Debug|Any CPU
		{80E7D886-517C-4CD0-A528-BFA2FAEB9231}.Release|Any CPU.ActiveCfg = Release|Any CPU
		{80E7D886-517C-4CD0-A528-BFA2FAEB9231}.Release|Any CPU.Build.0 = Release|Any CPU
	EndGlobalSection
EndGlobal
